// !$*UTF8*$!
{
	archiveVersion = 1;
	classes = {
	};
	objectVersion = 55;
	objects = {

/* Begin PBXBuildFile section */
		3ADD0B2829AA02EC007BE5A3 /* DetailProductViewController.swift in Sources */ = {isa = PBXBuildFile; fileRef = 3ADD0B2729AA02EC007BE5A3 /* DetailProductViewController.swift */; };
		3AF1810429A9F2860079A883 /* AppDelegate.swift in Sources */ = {isa = PBXBuildFile; fileRef = 3AF1810329A9F2860079A883 /* AppDelegate.swift */; };
		3AF1810629A9F2860079A883 /* SceneDelegate.swift in Sources */ = {isa = PBXBuildFile; fileRef = 3AF1810529A9F2860079A883 /* SceneDelegate.swift */; };
		3AF1810829A9F2860079A883 /* ViewController.swift in Sources */ = {isa = PBXBuildFile; fileRef = 3AF1810729A9F2860079A883 /* ViewController.swift */; };
		3AF1810B29A9F2870079A883 /* Main.storyboard in Resources */ = {isa = PBXBuildFile; fileRef = 3AF1810929A9F2860079A883 /* Main.storyboard */; };
		3AF1810D29A9F2890079A883 /* Assets.xcassets in Resources */ = {isa = PBXBuildFile; fileRef = 3AF1810C29A9F2890079A883 /* Assets.xcassets */; };
		3AF1811029A9F2890079A883 /* LaunchScreen.storyboard in Resources */ = {isa = PBXBuildFile; fileRef = 3AF1810E29A9F2890079A883 /* LaunchScreen.storyboard */; };
		3AF1811929A9F2FB0079A883 /* ProductModel.swift in Sources */ = {isa = PBXBuildFile; fileRef = 3AF1811829A9F2FB0079A883 /* ProductModel.swift */; };
		3AF1811C29A9F32A0079A883 /* Parser.swift in Sources */ = {isa = PBXBuildFile; fileRef = 3AF1811B29A9F32A0079A883 /* Parser.swift */; };
		3AF1811E29A9F3390079A883 /* LazyImageView.swift in Sources */ = {isa = PBXBuildFile; fileRef = 3AF1811D29A9F3390079A883 /* LazyImageView.swift */; };
		3AF1812129A9F4B30079A883 /* ProductTableViewCell.swift in Sources */ = {isa = PBXBuildFile; fileRef = 3AF1812029A9F4B30079A883 /* ProductTableViewCell.swift */; };
		3AF1812429A9F5EB0079A883 /* VCExtension.swift in Sources */ = {isa = PBXBuildFile; fileRef = 3AF1812329A9F5EB0079A883 /* VCExtension.swift */; };
/* End PBXBuildFile section */

/* Begin PBXFileReference section */
		3ADD0B2729AA02EC007BE5A3 /* DetailProductViewController.swift */ = {isa = PBXFileReference; lastKnownFileType = sourcecode.swift; path = DetailProductViewController.swift; sourceTree = "<group>"; };
		3AF1810029A9F2860079A883 /* Store.app */ = {isa = PBXFileReference; explicitFileType = wrapper.application; includeInIndex = 0; path = Store.app; sourceTree = BUILT_PRODUCTS_DIR; };
		3AF1810329A9F2860079A883 /* AppDelegate.swift */ = {isa = PBXFileReference; lastKnownFileType = sourcecode.swift; path = AppDelegate.swift; sourceTree = "<group>"; };
		3AF1810529A9F2860079A883 /* SceneDelegate.swift */ = {isa = PBXFileReference; lastKnownFileType = sourcecode.swift; path = SceneDelegate.swift; sourceTree = "<group>"; };
		3AF1810729A9F2860079A883 /* ViewController.swift */ = {isa = PBXFileReference; lastKnownFileType = sourcecode.swift; path = ViewController.swift; sourceTree = "<group>"; };
		3AF1810A29A9F2860079A883 /* Base */ = {isa = PBXFileReference; lastKnownFileType = file.storyboard; name = Base; path = Base.lproj/Main.storyboard; sourceTree = "<group>"; };
		3AF1810C29A9F2890079A883 /* Assets.xcassets */ = {isa = PBXFileReference; lastKnownFileType = folder.assetcatalog; path = Assets.xcassets; sourceTree = "<group>"; };
		3AF1810F29A9F2890079A883 /* Base */ = {isa = PBXFileReference; lastKnownFileType = file.storyboard; name = Base; path = Base.lproj/LaunchScreen.storyboard; sourceTree = "<group>"; };
		3AF1811129A9F2890079A883 /* Info.plist */ = {isa = PBXFileReference; lastKnownFileType = text.plist.xml; path = Info.plist; sourceTree = "<group>"; };
		3AF1811829A9F2FB0079A883 /* ProductModel.swift */ = {isa = PBXFileReference; lastKnownFileType = sourcecode.swift; path = ProductModel.swift; sourceTree = "<group>"; };
		3AF1811B29A9F32A0079A883 /* Parser.swift */ = {isa = PBXFileReference; lastKnownFileType = sourcecode.swift; path = Parser.swift; sourceTree = "<group>"; };
		3AF1811D29A9F3390079A883 /* LazyImageView.swift */ = {isa = PBXFileReference; lastKnownFileType = sourcecode.swift; path = LazyImageView.swift; sourceTree = "<group>"; };
		3AF1812029A9F4B30079A883 /* ProductTableViewCell.swift */ = {isa = PBXFileReference; lastKnownFileType = sourcecode.swift; path = ProductTableViewCell.swift; sourceTree = "<group>"; };
		3AF1812329A9F5EB0079A883 /* VCExtension.swift */ = {isa = PBXFileReference; lastKnownFileType = sourcecode.swift; path = VCExtension.swift; sourceTree = "<group>"; };
/* End PBXFileReference section */

/* Begin PBXFrameworksBuildPhase section */
		3AF180FD29A9F2860079A883 /* Frameworks */ = {
			isa = PBXFrameworksBuildPhase;
			buildActionMask = 2147483647;
			files = (
			);
			runOnlyForDeploymentPostprocessing = 0;
		};
/* End PBXFrameworksBuildPhase section */

/* Begin PBXGroup section */
		3AF180F729A9F2860079A883 = {
			isa = PBXGroup;
			children = (
				3AF1810229A9F2860079A883 /* Store */,
				3AF1810129A9F2860079A883 /* Products */,
			);
			sourceTree = "<group>";
		};
		3AF1810129A9F2860079A883 /* Products */ = {
			isa = PBXGroup;
			children = (
				3AF1810029A9F2860079A883 /* Store.app */,
			);
			name = Products;
			sourceTree = "<group>";
		};
		3AF1810229A9F2860079A883 /* Store */ = {
			isa = PBXGroup;
			children = (
				3AF1811F29A9F37A0079A883 /* Controllers */,
				3AF1811A29A9F3180079A883 /* ViewModel */,
				3AF1811729A9F2EB0079A883 /* Model */,
				3AF1810329A9F2860079A883 /* AppDelegate.swift */,
				3AF1810529A9F2860079A883 /* SceneDelegate.swift */,
				3AF1810929A9F2860079A883 /* Main.storyboard */,
				3AF1810C29A9F2890079A883 /* Assets.xcassets */,
				3AF1810E29A9F2890079A883 /* LaunchScreen.storyboard */,
				3AF1811129A9F2890079A883 /* Info.plist */,
			);
			path = Store;
			sourceTree = "<group>";
		};
		3AF1811729A9F2EB0079A883 /* Model */ = {
			isa = PBXGroup;
			children = (
				3AF1811829A9F2FB0079A883 /* ProductModel.swift */,
			);
			path = Model;
			sourceTree = "<group>";
		};
		3AF1811A29A9F3180079A883 /* ViewModel */ = {
			isa = PBXGroup;
			children = (
				3AF1811B29A9F32A0079A883 /* Parser.swift */,
				3AF1811D29A9F3390079A883 /* LazyImageView.swift */,
			);
			path = ViewModel;
			sourceTree = "<group>";
		};
		3AF1811F29A9F37A0079A883 /* Controllers */ = {
			isa = PBXGroup;
			children = (
				3AF1812229A9F5A40079A883 /* Extensions */,
				3AF1810729A9F2860079A883 /* ViewController.swift */,
				3AF1812029A9F4B30079A883 /* ProductTableViewCell.swift */,
				3ADD0B2729AA02EC007BE5A3 /* DetailProductViewController.swift */,
			);
			path = Controllers;
			sourceTree = "<group>";
		};
		3AF1812229A9F5A40079A883 /* Extensions */ = {
			isa = PBXGroup;
			children = (
				3AF1812329A9F5EB0079A883 /* VCExtension.swift */,
			);
			path = Extensions;
			sourceTree = "<group>";
		};
/* End PBXGroup section */

/* Begin PBXNativeTarget section */
		3AF180FF29A9F2860079A883 /* Store */ = {
			isa = PBXNativeTarget;
			buildConfigurationList = 3AF1811429A9F2890079A883 /* Build configuration list for PBXNativeTarget "Store" */;
			buildPhases = (
				3AF180FC29A9F2860079A883 /* Sources */,
				3AF180FD29A9F2860079A883 /* Frameworks */,
				3AF180FE29A9F2860079A883 /* Resources */,
			);
			buildRules = (
			);
			dependencies = (
			);
			name = Store;
			productName = Store;
			productReference = 3AF1810029A9F2860079A883 /* Store.app */;
			productType = "com.apple.product-type.application";
		};
/* End PBXNativeTarget section */

/* Begin PBXProject section */
		3AF180F829A9F2860079A883 /* Project object */ = {
			isa = PBXProject;
			attributes = {
				BuildIndependentTargetsInParallel = 1;
				LastSwiftUpdateCheck = 1340;
				LastUpgradeCheck = 1340;
				TargetAttributes = {
					3AF180FF29A9F2860079A883 = {
						CreatedOnToolsVersion = 13.4.1;
					};
				};
			};
			buildConfigurationList = 3AF180FB29A9F2860079A883 /* Build configuration list for PBXProject "Store" */;
			compatibilityVersion = "Xcode 13.0";
			developmentRegion = en;
			hasScannedForEncodings = 0;
			knownRegions = (
				en,
				Base,
			);
			mainGroup = 3AF180F729A9F2860079A883;
			productRefGroup = 3AF1810129A9F2860079A883 /* Products */;
			projectDirPath = "";
			projectRoot = "";
			targets = (
				3AF180FF29A9F2860079A883 /* Store */,
			);
		};
/* End PBXProject section */

/* Begin PBXResourcesBuildPhase section */
		3AF180FE29A9F2860079A883 /* Resources */ = {
			isa = PBXResourcesBuildPhase;
			buildActionMask = 2147483647;
			files = (
				3AF1811029A9F2890079A883 /* LaunchScreen.storyboard in Resources */,
				3AF1810D29A9F2890079A883 /* Assets.xcassets in Resources */,
				3AF1810B29A9F2870079A883 /* Main.storyboard in Resources */,
			);
			runOnlyForDeploymentPostprocessing = 0;
		};
/* End PBXResourcesBuildPhase section */

/* Begin PBXSourcesBuildPhase section */
		3AF180FC29A9F2860079A883 /* Sources */ = {
			isa = PBXSourcesBuildPhase;
			buildActionMask = 2147483647;
			files = (
				3AF1811E29A9F3390079A883 /* LazyImageView.swift in Sources */,
				3AF1810829A9F2860079A883 /* ViewController.swift in Sources */,
				3AF1812429A9F5EB0079A883 /* VCExtension.swift in Sources */,
				3AF1812129A9F4B30079A883 /* ProductTableViewCell.swift in Sources */,
				3AF1810429A9F2860079A883 /* AppDelegate.swift in Sources */,
				3AF1811C29A9F32A0079A883 /* Parser.swift in Sources */,
				3ADD0B2829AA02EC007BE5A3 /* DetailProductViewController.swift in Sources */,
				3AF1810629A9F2860079A883 /* SceneDelegate.swift in Sources */,
				3AF1811929A9F2FB0079A883 /* ProductModel.swift in Sources */,
			);
			runOnlyForDeploymentPostprocessing = 0;
		};
/* End PBXSourcesBuildPhase section */

/* Begin PBXVariantGroup section */
		3AF1810929A9F2860079A883 /* Main.storyboard */ = {
			isa = PBXVariantGroup;
			children = (
				3AF1810A29A9F2860079A883 /* Base */,
			);
			name = Main.storyboard;
			sourceTree = "<group>";
		};
		3AF1810E29A9F2890079A883 /* LaunchScreen.storyboard */ = {
			isa = PBXVariantGroup;
			children = (
				3AF1810F29A9F2890079A883 /* Base */,
			);
			name = LaunchScreen.storyboard;
			sourceTree = "<group>";
		};
/* End PBXVariantGroup section */

/* Begin XCBuildConfiguration section */
		3AF1811229A9F2890079A883 /* Debug */ = {
			isa = XCBuildConfiguration;
			buildSettings = {
				ALWAYS_SEARCH_USER_PATHS = NO;
				CLANG_ANALYZER_NONNULL = YES;
				CLANG_ANALYZER_NUMBER_OBJECT_CONVERSION = YES_AGGRESSIVE;
				CLANG_CXX_LANGUAGE_STANDARD = "gnu++17";
				CLANG_ENABLE_MODULES = YES;
				CLANG_ENABLE_OBJC_ARC = YES;
				CLANG_ENABLE_OBJC_WEAK = YES;
				CLANG_WARN_BLOCK_CAPTURE_AUTORELEASING = YES;
				CLANG_WARN_BOOL_CONVERSION = YES;
				CLANG_WARN_COMMA = YES;
				CLANG_WARN_CONSTANT_CONVERSION = YES;
				CLANG_WARN_DEPRECATED_OBJC_IMPLEMENTATIONS = YES;
				CLANG_WARN_DIRECT_OBJC_ISA_USAGE = YES_ERROR;
				CLANG_WARN_DOCUMENTATION_COMMENTS = YES;
				CLANG_WARN_EMPTY_BODY = YES;
				CLANG_WARN_ENUM_CONVERSION = YES;
				CLANG_WARN_INFINITE_RECURSION = YES;
				CLANG_WARN_INT_CONVERSION = YES;
				CLANG_WARN_NON_LITERAL_NULL_CONVERSION = YES;
				CLANG_WARN_OBJC_IMPLICIT_RETAIN_SELF = YES;
				CLANG_WARN_OBJC_LITERAL_CONVERSION = YES;
				CLANG_WARN_OBJC_ROOT_CLASS = YES_ERROR;
				CLANG_WARN_QUOTED_INCLUDE_IN_FRAMEWORK_HEADER = YES;
				CLANG_WARN_RANGE_LOOP_ANALYSIS = YES;
				CLANG_WARN_STRICT_PROTOTYPES = YES;
				CLANG_WARN_SUSPICIOUS_MOVE = YES;
				CLANG_WARN_UNGUARDED_AVAILABILITY = YES_AGGRESSIVE;
				CLANG_WARN_UNREACHABLE_CODE = YES;
				CLANG_WARN__DUPLICATE_METHOD_MATCH = YES;
				COPY_PHASE_STRIP = NO;
				DEBUG_INFORMATION_FORMAT = dwarf;
				ENABLE_STRICT_OBJC_MSGSEND = YES;
				ENABLE_TESTABILITY = YES;
				GCC_C_LANGUAGE_STANDARD = gnu11;
				GCC_DYNAMIC_NO_PIC = NO;
				GCC_NO_COMMON_BLOCKS = YES;
				GCC_OPTIMIZATION_LEVEL = 0;
				GCC_PREPROCESSOR_DEFINITIONS = (
					"DEBUG=1",
					"$(inherited)",
				);
				GCC_WARN_64_TO_32_BIT_CONVERSION = YES;
				GCC_WARN_ABOUT_RETURN_TYPE = YES_ERROR;
				GCC_WARN_UNDECLARED_SELECTOR = YES;
				GCC_WARN_UNINITIALIZED_AUTOS = YES_AGGRESSIVE;
				GCC_WARN_UNUSED_FUNCTION = YES;
				GCC_WARN_UNUSED_VARIABLE = YES;
				IPHONEOS_DEPLOYMENT_TARGET = 15.5;
				MTL_ENABLE_DEBUG_INFO = INCLUDE_SOURCE;
				MTL_FAST_MATH = YES;
				ONLY_ACTIVE_ARCH = YES;
				SDKROOT = iphoneos;
				SWIFT_ACTIVE_COMPILATION_CONDITIONS = DEBUG;
				SWIFT_OPTIMIZATION_LEVEL = "-Onone";
			};
			name = Debug;
		};
		3AF1811329A9F2890079A883 /* Release */ = {
			isa = XCBuildConfiguration;
			buildSettings = {
				ALWAYS_SEARCH_USER_PATHS = NO;
				CLANG_ANALYZER_NONNULL = YES;
				CLANG_ANALYZER_NUMBER_OBJECT_CONVERSION = YES_AGGRESSIVE;
				CLANG_CXX_LANGUAGE_STANDARD = "gnu++17";
				CLANG_ENABLE_MODULES = YES;
				CLANG_ENABLE_OBJC_ARC = YES;
				CLANG_ENABLE_OBJC_WEAK = YES;
				CLANG_WARN_BLOCK_CAPTURE_AUTORELEASING = YES;
				CLANG_WARN_BOOL_CONVERSION = YES;
				CLANG_WARN_COMMA = YES;
				CLANG_WARN_CONSTANT_CONVERSION = YES;
				CLANG_WARN_DEPRECATED_OBJC_IMPLEMENTATIONS = YES;
				CLANG_WARN_DIRECT_OBJC_ISA_USAGE = YES_ERROR;
				CLANG_WARN_DOCUMENTATION_COMMENTS = YES;
				CLANG_WARN_EMPTY_BODY = YES;
				CLANG_WARN_ENUM_CONVERSION = YES;
				CLANG_WARN_INFINITE_RECURSION = YES;
				CLANG_WARN_INT_CONVERSION = YES;
				CLANG_WARN_NON_LITERAL_NULL_CONVERSION = YES;
				CLANG_WARN_OBJC_IMPLICIT_RETAIN_SELF = YES;
				CLANG_WARN_OBJC_LITERAL_CONVERSION = YES;
				CLANG_WARN_OBJC_ROOT_CLASS = YES_ERROR;
				CLANG_WARN_QUOTED_INCLUDE_IN_FRAMEWORK_HEADER = YES;
				CLANG_WARN_RANGE_LOOP_ANALYSIS = YES;
				CLANG_WARN_STRICT_PROTOTYPES = YES;
				CLANG_WARN_SUSPICIOUS_MOVE = YES;
				CLANG_WARN_UNGUARDED_AVAILABILITY = YES_AGGRESSIVE;
				CLANG_WARN_UNREACHABLE_CODE = YES;
				CLANG_WARN__DUPLICATE_METHOD_MATCH = YES;
				COPY_PHASE_STRIP = NO;
				DEBUG_INFORMATION_FORMAT = "dwarf-with-dsym";
				ENABLE_NS_ASSERTIONS = NO;
				ENABLE_STRICT_OBJC_MSGSEND = YES;
				GCC_C_LANGUAGE_STANDARD = gnu11;
				GCC_NO_COMMON_BLOCKS = YES;
				GCC_WARN_64_TO_32_BIT_CONVERSION = YES;
				GCC_WARN_ABOUT_RETURN_TYPE = YES_ERROR;
				GCC_WARN_UNDECLARED_SELECTOR = YES;
				GCC_WARN_UNINITIALIZED_AUTOS = YES_AGGRESSIVE;
				GCC_WARN_UNUSED_FUNCTION = YES;
				GCC_WARN_UNUSED_VARIABLE = YES;
				IPHONEOS_DEPLOYMENT_TARGET = 15.5;
				MTL_ENABLE_DEBUG_INFO = NO;
				MTL_FAST_MATH = YES;
				SDKROOT = iphoneos;
				SWIFT_COMPILATION_MODE = wholemodule;
				SWIFT_OPTIMIZATION_LEVEL = "-O";
				VALIDATE_PRODUCT = YES;
			};
			name = Release;
		};
		3AF1811529A9F2890079A883 /* Debug */ = {
			isa = XCBuildConfiguration;
			buildSettings = {
				ASSETCATALOG_COMPILER_APPICON_NAME = AppIcon;
				ASSETCATALOG_COMPILER_GLOBAL_ACCENT_COLOR_NAME = AccentColor;
				CODE_SIGN_STYLE = Automatic;
				CURRENT_PROJECT_VERSION = 1;
				GENERATE_INFOPLIST_FILE = YES;
				INFOPLIST_FILE = Store/Info.plist;
				INFOPLIST_KEY_UIApplicationSupportsIndirectInputEvents = YES;
				INFOPLIST_KEY_UILaunchStoryboardName = LaunchScreen;
				INFOPLIST_KEY_UIMainStoryboardFile = Main;
				INFOPLIST_KEY_UISupportedInterfaceOrientations_iPad = "UIInterfaceOrientationPortrait UIInterfaceOrientationPortraitUpsideDown UIInterfaceOrientationLandscapeLeft UIInterfaceOrientationLandscapeRight";
				INFOPLIST_KEY_UISupportedInterfaceOrientations_iPhone = "UIInterfaceOrientationPortrait UIInterfaceOrientationLandscapeLeft UIInterfaceOrientationLandscapeRight";
				LD_RUNPATH_SEARCH_PATHS = (
					"$(inherited)",
					"@executable_path/Frameworks",
				);
				MARKETING_VERSION = 1.0;
				PRODUCT_BUNDLE_IDENTIFIER = Self.Store;
				PRODUCT_NAME = "$(TARGET_NAME)";
				SWIFT_EMIT_LOC_STRINGS = YES;
				SWIFT_VERSION = 5.0;
				TARGETED_DEVICE_FAMILY = "1,2";
			};
			name = Debug;
		};
		3AF1811629A9F2890079A883 /* Release */ = {
			isa = XCBuildConfiguration;
			buildSettings = {
				ASSETCATALOG_COMPILER_APPICON_NAME = AppIcon;
				ASSETCATALOG_COMPILER_GLOBAL_ACCENT_COLOR_NAME = AccentColor;
				CODE_SIGN_STYLE = Automatic;
				CURRENT_PROJECT_VERSION = 1;
				GENERATE_INFOPLIST_FILE = YES;
				INFOPLIST_FILE = Store/Info.plist;
				INFOPLIST_KEY_UIApplicationSupportsIndirectInputEvents = YES;
				INFOPLIST_KEY_UILaunchStoryboardName = LaunchScreen;
				INFOPLIST_KEY_UIMainStoryboardFile = Main;
				INFOPLIST_KEY_UISupportedInterfaceOrientations_iPad = "UIInterfaceOrientationPortrait UIInterfaceOrientationPortraitUpsideDown UIInterfaceOrientationLandscapeLeft UIInterfaceOrientationLandscapeRight";
				INFOPLIST_KEY_UISupportedInterfaceOrientations_iPhone = "UIInterfaceOrientationPortrait UIInterfaceOrientationLandscapeLeft UIInterfaceOrientationLandscapeRight";
				LD_RUNPATH_SEARCH_PATHS = (
					"$(inherited)",
					"@executable_path/Frameworks",
				);
				MARKETING_VERSION = 1.0;
				PRODUCT_BUNDLE_IDENTIFIER = Self.Store;
				PRODUCT_NAME = "$(TARGET_NAME)";
				SWIFT_EMIT_LOC_STRINGS = YES;
				SWIFT_VERSION = 5.0;
				TARGETED_DEVICE_FAMILY = "1,2";
			};
			name = Release;
		};
/* End XCBuildConfiguration section */

/* Begin XCConfigurationList section */
		3AF180FB29A9F2860079A883 /* Build configuration list for PBXProject "Store" */ = {
			isa = XCConfigurationList;
			buildConfigurations = (
				3AF1811229A9F2890079A883 /* Debug */,
				3AF1811329A9F2890079A883 /* Release */,
			);
			defaultConfigurationIsVisible = 0;
			defaultConfigurationName = Release;
		};
		3AF1811429A9F2890079A883 /* Build configuration list for PBXNativeTarget "Store" */ = {
			isa = XCConfigurationList;
			buildConfigurations = (
				3AF1811529A9F2890079A883 /* Debug */,
				3AF1811629A9F2890079A883 /* Release */,
			);
			defaultConfigurationIsVisible = 0;
			defaultConfigurationName = Release;
		};
/* End XCConfigurationList section */
	};
	rootObject = 3AF180F829A9F2860079A883 /* Project object */;
}
